
Microsoft Visual Studio Solution File, Format Version 12.00
# Visual Studio Version 17
VisualStudioVersion = 17.3.32929.385
MinimumVisualStudioVersion = 10.0.40219.1
Project("{FAE04EC0-301F-11D3-BF4B-00C04F79EFBC}") = "ResearchMVC", "ResearchMVC\ResearchMVC.csproj", "{D8D1D602-8878-4FE0-82AD-2DE6AC39F6F0}"
EndProject
Project("{FAE04EC0-301F-11D3-BF4B-00C04F79EFBC}") = "ResearchMVC.BusinessLogic", "ResearchMVC.BusinessLogic\ResearchMVC.BusinessLogic.csproj", "{A6C2C037-7273-447F-AFAC-3B5C4DFF4DBC}"
EndProject
Project("{FAE04EC0-301F-11D3-BF4B-00C04F79EFBC}") = "ResearchMVC.DataLayer", "ResearchMVC.DataLayer\ResearchMVC.DataLayer.csproj", "{6763E007-96D2-47E1-B0AE-FAC56075FDD4}"
EndProject
Project("{FAE04EC0-301F-11D3-BF4B-00C04F79EFBC}") = "ResearchMVC.Tests", "ResearchMVC.Tests\ResearchMVC.Tests.csproj", "{5E0F8A48-1C9E-4F70-92C5-AA4897A9A8D7}"
EndProject
Global
	GlobalSection(SolutionConfigurationPlatforms) = preSolution
		Debug|Any CPU = Debug|Any CPU
		Release|Any CPU = Release|Any CPU
	EndGlobalSection
	GlobalSection(ProjectConfigurationPlatforms) = postSolution
		{D8D1D602-8878-4FE0-82AD-2DE6AC39F6F0}.Debug|Any CPU.ActiveCfg = Debug|Any CPU
		{D8D1D602-8878-4FE0-82AD-2DE6AC39F6F0}.Debug|Any CPU.Build.0 = Debug|Any CPU
		{D8D1D602-8878-4FE0-82AD-2DE6AC39F6F0}.Release|Any CPU.ActiveCfg = Release|Any CPU
		{D8D1D602-8878-4FE0-82AD-2DE6AC39F6F0}.Release|Any CPU.Build.0 = Release|Any CPU
		{A6C2C037-7273-447F-AFAC-3B5C4DFF4DBC}.Debug|Any CPU.ActiveCfg = Debug|Any CPU
		{A6C2C037-7273-447F-AFAC-3B5C4DFF4DBC}.Debug|Any CPU.Build.0 = Debug|Any CPU
		{A6C2C037-7273-447F-AFAC-3B5C4DFF4DBC}.Release|Any CPU.ActiveCfg = Release|Any CPU
		{A6C2C037-7273-447F-AFAC-3B5C4DFF4DBC}.Release|Any CPU.Build.0 = Release|Any CPU
		{6763E007-96D2-47E1-B0AE-FAC56075FDD4}.Debug|Any CPU.ActiveCfg = Debug|Any CPU
		{6763E007-96D2-47E1-B0AE-FAC56075FDD4}.Debug|Any CPU.Build.0 = Debug|Any CPU
		{6763E007-96D2-47E1-B0AE-FAC56075FDD4}.Release|Any CPU.ActiveCfg = Release|Any CPU
		{6763E007-96D2-47E1-B0AE-FAC56075FDD4}.Release|Any CPU.Build.0 = Release|Any CPU
		{5E0F8A48-1C9E-4F70-92C5-AA4897A9A8D7}.Debug|Any CPU.ActiveCfg = Debug|Any CPU
		{5E0F8A48-1C9E-4F70-92C5-AA4897A9A8D7}.Debug|Any CPU.Build.0 = Debug|Any CPU
		{5E0F8A48-1C9E-4F70-92C5-AA4897A9A8D7}.Release|Any CPU.ActiveCfg = Release|Any CPU
		{5E0F8A48-1C9E-4F70-92C5-AA4897A9A8D7}.Release|Any CPU.Build.0 = Release|Any CPU
	EndGlobalSection
	GlobalSection(SolutionProperties) = preSolution
		HideSolutionNode = FALSE
	EndGlobalSection
	GlobalSection(ExtensibilityGlobals) = postSolution
		SolutionGuid = {D224D295-07FF-43B8-9A3E-BD37475FAA4A}
	EndGlobalSection
EndGlobal
